Microsoft Visual Studio Solution File, Format Version 12.00
# Visual Studio 2012
Project("{FAE04EC0-301F-11D3-BF4B-00C04F79EFBC}") = "Wyne", "Wyne.csproj", "{91E419F8-A56E-4FA6-B94F-866604329ECB}"
EndProject
Global
	GlobalSection(SolutionConfigurationPlatforms) = preSolution
	Debug|Any CPU = Debug|Any CPU
	ExportDebug|Any CPU = ExportDebug|Any CPU
	ExportRelease|Any CPU = ExportRelease|Any CPU
	EndGlobalSection
	GlobalSection(ProjectConfigurationPlatforms) = postSolution
		{91E419F8-A56E-4FA6-B94F-866604329ECB}.Debug|Any CPU.ActiveCfg = Debug|Any CPU
		{91E419F8-A56E-4FA6-B94F-866604329ECB}.Debug|Any CPU.Build.0 = Debug|Any CPU
		{91E419F8-A56E-4FA6-B94F-866604329ECB}.ExportDebug|Any CPU.ActiveCfg = ExportDebug|Any CPU
		{91E419F8-A56E-4FA6-B94F-866604329ECB}.ExportDebug|Any CPU.Build.0 = ExportDebug|Any CPU
		{91E419F8-A56E-4FA6-B94F-866604329ECB}.ExportRelease|Any CPU.ActiveCfg = ExportRelease|Any CPU
		{91E419F8-A56E-4FA6-B94F-866604329ECB}.ExportRelease|Any CPU.Build.0 = ExportRelease|Any CPU
	EndGlobalSection
EndGlobal
